
Microsoft Visual Studio Solution File, Format Version 12.00
# Visual Studio 15
VisualStudioVersion = 15.0.28307.168
MinimumVisualStudioVersion = 10.0.40219.1
Project("{262852C6-CD72-467D-83FE-5EEB1973A190}") = "C0745078", "C0745078\C0745078.jsproj", "{8410B5C2-CEE0-45EB-A813-8FE62A28F171}"
EndProject
Global
	GlobalSection(SolutionConfigurationPlatforms) = preSolution
		Debug|Any CPU = Debug|Any CPU
		Debug|ARM = Debug|ARM
		Debug|ARM64 = Debug|ARM64
		Debug|x64 = Debug|x64
		Debug|x86 = Debug|x86
		Release|Any CPU = Release|Any CPU
		Release|ARM = Release|ARM
		Release|ARM64 = Release|ARM64
		Release|x64 = Release|x64
		Release|x86 = Release|x86
	EndGlobalSection
	GlobalSection(ProjectConfigurationPlatforms) = postSolution
		{8410B5C2-CEE0-45EB-A813-8FE62A28F171}.Debug|Any CPU.ActiveCfg = Debug|Any CPU
		{8410B5C2-CEE0-45EB-A813-8FE62A28F171}.Debug|Any CPU.Build.0 = Debug|Any CPU
		{8410B5C2-CEE0-45EB-A813-8FE62A28F171}.Debug|Any CPU.Deploy.0 = Debug|Any CPU
		{8410B5C2-CEE0-45EB-A813-8FE62A28F171}.Debug|ARM.ActiveCfg = Debug|ARM
		{8410B5C2-CEE0-45EB-A813-8FE62A28F171}.Debug|ARM.Build.0 = Debug|ARM
		{8410B5C2-CEE0-45EB-A813-8FE62A28F171}.Debug|ARM.Deploy.0 = Debug|ARM
		{8410B5C2-CEE0-45EB-A813-8FE62A28F171}.Debug|ARM64.ActiveCfg = Debug|ARM64
		{8410B5C2-CEE0-45EB-A813-8FE62A28F171}.Debug|ARM64.Build.0 = Debug|ARM64
		{8410B5C2-CEE0-45EB-A813-8FE62A28F171}.Debug|ARM64.Deploy.0 = Debug|ARM64
		{8410B5C2-CEE0-45EB-A813-8FE62A28F171}.Debug|x64.ActiveCfg = Debug|x64
		{8410B5C2-CEE0-45EB-A813-8FE62A28F171}.Debug|x64.Build.0 = Debug|x64
		{8410B5C2-CEE0-45EB-A813-8FE62A28F171}.Debug|x64.Deploy.0 = Debug|x64
		{8410B5C2-CEE0-45EB-A813-8FE62A28F171}.Debug|x86.ActiveCfg = Debug|x86
		{8410B5C2-CEE0-45EB-A813-8FE62A28F171}.Debug|x86.Build.0 = Debug|x86
		{8410B5C2-CEE0-45EB-A813-8FE62A28F171}.Debug|x86.Deploy.0 = Debug|x86
		{8410B5C2-CEE0-45EB-A813-8FE62A28F171}.Release|Any CPU.ActiveCfg = Release|Any CPU
		{8410B5C2-CEE0-45EB-A813-8FE62A28F171}.Release|Any CPU.Build.0 = Release|Any CPU
		{8410B5C2-CEE0-45EB-A813-8FE62A28F171}.Release|Any CPU.Deploy.0 = Release|Any CPU
		{8410B5C2-CEE0-45EB-A813-8FE62A28F171}.Release|ARM.ActiveCfg = Release|ARM
		{8410B5C2-CEE0-45EB-A813-8FE62A28F171}.Release|ARM.Build.0 = Release|ARM
		{8410B5C2-CEE0-45EB-A813-8FE62A28F171}.Release|ARM.Deploy.0 = Release|ARM
		{8410B5C2-CEE0-45EB-A813-8FE62A28F171}.Release|ARM64.ActiveCfg = Release|ARM64
		{8410B5C2-CEE0-45EB-A813-8FE62A28F171}.Release|ARM64.Build.0 = Release|ARM64
		{8410B5C2-CEE0-45EB-A813-8FE62A28F171}.Release|ARM64.Deploy.0 = Release|ARM64
		{8410B5C2-CEE0-45EB-A813-8FE62A28F171}.Release|x64.ActiveCfg = Release|x64
		{8410B5C2-CEE0-45EB-A813-8FE62A28F171}.Release|x64.Build.0 = Release|x64
		{8410B5C2-CEE0-45EB-A813-8FE62A28F171}.Release|x64.Deploy.0 = Release|x64
		{8410B5C2-CEE0-45EB-A813-8FE62A28F171}.Release|x86.ActiveCfg = Release|x86
		{8410B5C2-CEE0-45EB-A813-8FE62A28F171}.Release|x86.Build.0 = Release|x86
		{8410B5C2-CEE0-45EB-A813-8FE62A28F171}.Release|x86.Deploy.0 = Release|x86
	EndGlobalSection
	GlobalSection(SolutionProperties) = preSolution
		HideSolutionNode = FALSE
	EndGlobalSection
	GlobalSection(ExtensibilityGlobals) = postSolution
		SolutionGuid = {8A7A9512-AEB0-447A-84A5-638B2AC889BD}
	EndGlobalSection
EndGlobal
